
Microsoft Visual Studio Solution File, Format Version 12.00
# Visual Studio Version 17
VisualStudioVersion = 17.5.33414.496
MinimumVisualStudioVersion = 10.0.40219.1
Project("{FAE04EC0-301F-11D3-BF4B-00C04F79EFBC}") = "--1", "--1\--1.csproj", "{65D2F9E1-88E3-44C1-8F4E-17639C963B2B}"
EndProject
Global
	GlobalSection(SolutionConfigurationPlatforms) = preSolution
		Debug|Any CPU = Debug|Any CPU
		Release|Any CPU = Release|Any CPU
	EndGlobalSection
	GlobalSection(ProjectConfigurationPlatforms) = postSolution
		{65D2F9E1-88E3-44C1-8F4E-17639C963B2B}.Debug|Any CPU.ActiveCfg = Debug|Any CPU
		{65D2F9E1-88E3-44C1-8F4E-17639C963B2B}.Debug|Any CPU.Build.0 = Debug|Any CPU
		{65D2F9E1-88E3-44C1-8F4E-17639C963B2B}.Release|Any CPU.ActiveCfg = Release|Any CPU
		{65D2F9E1-88E3-44C1-8F4E-17639C963B2B}.Release|Any CPU.Build.0 = Release|Any CPU
	EndGlobalSection
	GlobalSection(SolutionProperties) = preSolution
		HideSolutionNode = FALSE
	EndGlobalSection
	GlobalSection(ExtensibilityGlobals) = postSolution
		SolutionGuid = {121E0C20-0A65-4E96-B71D-9DBFB8B335AF}
	EndGlobalSection
EndGlobal
